// !$*UTF8*$!
{
	archiveVersion = 1;
	classes = {
	};
	objectVersion = 46;
	objects = {

/* Begin PBXBuildFile section */
		6045AD841D3A10150062D227 /* Assets.xcassets in Resources */ = {isa = PBXBuildFile; fileRef = 6045AD831D3A10150062D227 /* Assets.xcassets */; };
		6045AD8B1D3A10150062D227 /* MessagesExtension.appex in Embed App Extensions */ = {isa = PBXBuildFile; fileRef = 6045AD8A1D3A10150062D227 /* MessagesExtension.appex */; settings = {ATTRIBUTES = (RemoveHeadersOnCopy, ); }; };
		6045AD901D3A10150062D227 /* Messages.framework in Frameworks */ = {isa = PBXBuildFile; fileRef = 6045AD8F1D3A10150062D227 /* Messages.framework */; };
		6045AD931D3A10150062D227 /* MessagesViewController.swift in Sources */ = {isa = PBXBuildFile; fileRef = 6045AD921D3A10150062D227 /* MessagesViewController.swift */; };
		6045AD961D3A10150062D227 /* MainInterface.storyboard in Resources */ = {isa = PBXBuildFile; fileRef = 6045AD941D3A10150062D227 /* MainInterface.storyboard */; };
		6045AD981D3A10150062D227 /* Assets.xcassets in Resources */ = {isa = PBXBuildFile; fileRef = 6045AD971D3A10150062D227 /* Assets.xcassets */; };
		6045ADA51D3A18D00062D227 /* Sticker 1.png in Resources */ = {isa = PBXBuildFile; fileRef = 6045ADA31D3A18D00062D227 /* Sticker 1.png */; };
		6045ADA61D3A18D00062D227 /* Sticker 2.png in Resources */ = {isa = PBXBuildFile; fileRef = 6045ADA41D3A18D00062D227 /* Sticker 2.png */; };
/* End PBXBuildFile section */

/* Begin PBXContainerItemProxy section */
		6045AD8C1D3A10150062D227 /* PBXContainerItemProxy */ = {
			isa = PBXContainerItemProxy;
			containerPortal = 6045AD7A1D3A10150062D227 /* Project object */;
			proxyType = 1;
			remoteGlobalIDString = 6045AD891D3A10150062D227;
			remoteInfo = MessagesExtension;
		};
/* End PBXContainerItemProxy section */

/* Begin PBXCopyFilesBuildPhase section */
		6045AD9F1D3A10150062D227 /* Embed App Extensions */ = {
			isa = PBXCopyFilesBuildPhase;
			buildActionMask = 2147483647;
			dstPath = "";
			dstSubfolderSpec = 13;
			files = (
				6045AD8B1D3A10150062D227 /* MessagesExtension.appex in Embed App Extensions */,
			);
			name = "Embed App Extensions";
			runOnlyForDeploymentPostprocessing = 0;
		};
/* End PBXCopyFilesBuildPhase section */

/* Begin PBXFileReference section */
		6045AD801D3A10150062D227 /* CustomStickerPack.app */ = {isa = PBXFileReference; explicitFileType = wrapper.application; includeInIndex = 0; path = CustomStickerPack.app; sourceTree = BUILT_PRODUCTS_DIR; };
		6045AD831D3A10150062D227 /* Assets.xcassets */ = {isa = PBXFileReference; lastKnownFileType = folder.assetcatalog; path = Assets.xcassets; sourceTree = "<group>"; };
		6045AD851D3A10150062D227 /* Info.plist */ = {isa = PBXFileReference; lastKnownFileType = text.plist.xml; path = Info.plist; sourceTree = "<group>"; };
		6045AD8A1D3A10150062D227 /* MessagesExtension.appex */ = {isa = PBXFileReference; explicitFileType = "wrapper.app-extension"; includeInIndex = 0; path = MessagesExtension.appex; sourceTree = BUILT_PRODUCTS_DIR; };
		6045AD8F1D3A10150062D227 /* Messages.framework */ = {isa = PBXFileReference; lastKnownFileType = wrapper.framework; name = Messages.framework; path = System/Library/Frameworks/Messages.framework; sourceTree = SDKROOT; };
		6045AD921D3A10150062D227 /* MessagesViewController.swift */ = {isa = PBXFileReference; lastKnownFileType = sourcecode.swift; path = MessagesViewController.swift; sourceTree = "<group>"; };
		6045AD951D3A10150062D227 /* Base */ = {isa = PBXFileReference; lastKnownFileType = file.storyboard; name = Base; path = Base.lproj/MainInterface.storyboard; sourceTree = "<group>"; };
		6045AD971D3A10150062D227 /* Assets.xcassets */ = {isa = PBXFileReference; lastKnownFileType = folder.assetcatalog; path = Assets.xcassets; sourceTree = "<group>"; };
		6045AD991D3A10150062D227 /* Info.plist */ = {isa = PBXFileReference; lastKnownFileType = text.plist.xml; path = Info.plist; sourceTree = "<group>"; };
		6045ADA31D3A18D00062D227 /* Sticker 1.png */ = {isa = PBXFileReference; lastKnownFileType = image.png; path = "Sticker 1.png"; sourceTree = "<group>"; };
		6045ADA41D3A18D00062D227 /* Sticker 2.png */ = {isa = PBXFileReference; lastKnownFileType = image.png; path = "Sticker 2.png"; sourceTree = "<group>"; };
/* End PBXFileReference section */

/* Begin PBXFrameworksBuildPhase section */
		6045AD871D3A10150062D227 /* Frameworks */ = {
			isa = PBXFrameworksBuildPhase;
			buildActionMask = 2147483647;
			files = (
				6045AD901D3A10150062D227 /* Messages.framework in Frameworks */,
			);
			runOnlyForDeploymentPostprocessing = 0;
		};
/* End PBXFrameworksBuildPhase section */

/* Begin PBXGroup section */
		6045AD791D3A10150062D227 = {
			isa = PBXGroup;
			children = (
				6045AD821D3A10150062D227 /* CustomStickerPack */,
				6045AD911D3A10150062D227 /* MessagesExtension */,
				6045AD8E1D3A10150062D227 /* Frameworks */,
				6045AD811D3A10150062D227 /* Products */,
			);
			sourceTree = "<group>";
		};
		6045AD811D3A10150062D227 /* Products */ = {
			isa = PBXGroup;
			children = (
				6045AD801D3A10150062D227 /* CustomStickerPack.app */,
				6045AD8A1D3A10150062D227 /* MessagesExtension.appex */,
			);
			name = Products;
			sourceTree = "<group>";
		};
		6045AD821D3A10150062D227 /* CustomStickerPack */ = {
			isa = PBXGroup;
			children = (
				6045AD831D3A10150062D227 /* Assets.xcassets */,
				6045AD851D3A10150062D227 /* Info.plist */,
			);
			path = CustomStickerPack;
			sourceTree = "<group>";
		};
		6045AD8E1D3A10150062D227 /* Frameworks */ = {
			isa = PBXGroup;
			children = (
				6045AD8F1D3A10150062D227 /* Messages.framework */,
			);
			name = Frameworks;
			sourceTree = "<group>";
		};
		6045AD911D3A10150062D227 /* MessagesExtension */ = {
			isa = PBXGroup;
			children = (
				6045AD921D3A10150062D227 /* MessagesViewController.swift */,
				6045AD941D3A10150062D227 /* MainInterface.storyboard */,
				6045AD971D3A10150062D227 /* Assets.xcassets */,
				6045AD991D3A10150062D227 /* Info.plist */,
				6045ADA31D3A18D00062D227 /* Sticker 1.png */,
				6045ADA41D3A18D00062D227 /* Sticker 2.png */,
			);
			path = MessagesExtension;
			sourceTree = "<group>";
		};
/* End PBXGroup section */

/* Begin PBXNativeTarget section */
		6045AD7F1D3A10150062D227 /* CustomStickerPack */ = {
			isa = PBXNativeTarget;
			buildConfigurationList = 6045ADA01D3A10150062D227 /* Build configuration list for PBXNativeTarget "CustomStickerPack" */;
			buildPhases = (
				6045AD7E1D3A10150062D227 /* Resources */,
				6045AD9F1D3A10150062D227 /* Embed App Extensions */,
			);
			buildRules = (
			);
			dependencies = (
				6045AD8D1D3A10150062D227 /* PBXTargetDependency */,
			);
			name = CustomStickerPack;
			productName = CustomStickerPack;
			productReference = 6045AD801D3A10150062D227 /* CustomStickerPack.app */;
			productType = "com.apple.product-type.application.messages";
		};
		6045AD891D3A10150062D227 /* MessagesExtension */ = {
			isa = PBXNativeTarget;
			buildConfigurationList = 6045AD9C1D3A10150062D227 /* Build configuration list for PBXNativeTarget "MessagesExtension" */;
			buildPhases = (
				6045AD861D3A10150062D227 /* Sources */,
				6045AD871D3A10150062D227 /* Frameworks */,
				6045AD881D3A10150062D227 /* Resources */,
			);
			buildRules = (
			);
			dependencies = (
			);
			name = MessagesExtension;
			productName = MessagesExtension;
			productReference = 6045AD8A1D3A10150062D227 /* MessagesExtension.appex */;
			productType = "com.apple.product-type.app-extension.messages";
		};
/* End PBXNativeTarget section */

/* Begin PBXProject section */
		6045AD7A1D3A10150062D227 /* Project object */ = {
			isa = PBXProject;
			attributes = {
				LastSwiftUpdateCheck = 0800;
				LastUpgradeCheck = 0800;
				ORGANIZATIONNAME = tutsplus;
				TargetAttributes = {
					6045AD7F1D3A10150062D227 = {
						CreatedOnToolsVersion = 8.0;
						DevelopmentTeam = NN8JSG957J;
						DevelopmentTeamName = "Davis Allie";
						ProvisioningStyle = Manual;
					};
					6045AD891D3A10150062D227 = {
						CreatedOnToolsVersion = 8.0;
						DevelopmentTeam = NN8JSG957J;
						DevelopmentTeamName = "Davis Allie";
						ProvisioningStyle = Automatic;
					};
				};
			};
			buildConfigurationList = 6045AD7D1D3A10150062D227 /* Build configuration list for PBXProject "CustomStickerPack" */;
			compatibilityVersion = "Xcode 3.2";
			developmentRegion = English;
			hasScannedForEncodings = 0;
			knownRegions = (
				en,
				Base,
			);
			mainGroup = 6045AD791D3A10150062D227;
			productRefGroup = 6045AD811D3A10150062D227 /* Products */;
			projectDirPath = "";
			projectRoot = "";
			targets = (
				6045AD7F1D3A10150062D227 /* CustomStickerPack */,
				6045AD891D3A10150062D227 /* MessagesExtension */,
			);
		};
/* End PBXProject section */

/* Begin PBXResourcesBuildPhase section */
		6045AD7E1D3A10150062D227 /* Resources */ = {
			isa = PBXResourcesBuildPhase;
			buildActionMask = 2147483647;
			files = (
				6045AD841D3A10150062D227 /* Assets.xcassets in Resources */,
			);
			runOnlyForDeploymentPostprocessing = 0;
		};
		6045AD881D3A10150062D227 /* Resources */ = {
			isa = PBXResourcesBuildPhase;
			buildActionMask = 2147483647;
			files = (
				6045AD981D3A10150062D227 /* Assets.xcassets in Resources */,
				6045ADA51D3A18D00062D227 /* Sticker 1.png in Resources */,
				6045AD961D3A10150062D227 /* MainInterface.storyboard in Resources */,
				6045ADA61D3A18D00062D227 /* Sticker 2.png in Resources */,
			);
			runOnlyForDeploymentPostprocessing = 0;
		};
/* End PBXResourcesBuildPhase section */

/* Begin PBXSourcesBuildPhase section */
		6045AD861D3A10150062D227 /* Sources */ = {
			isa = PBXSourcesBuildPhase;
			buildActionMask = 2147483647;
			files = (
				6045AD931D3A10150062D227 /* MessagesViewController.swift in Sources */,
			);
			runOnlyForDeploymentPostprocessing = 0;
		};
/* End PBXSourcesBuildPhase section */

/* Begin PBXTargetDependency section */
		6045AD8D1D3A10150062D227 /* PBXTargetDependency */ = {
			isa = PBXTargetDependency;
			target = 6045AD891D3A10150062D227 /* MessagesExtension */;
			targetProxy = 6045AD8C1D3A10150062D227 /* PBXContainerItemProxy */;
		};
/* End PBXTargetDependency section */

/* Begin PBXVariantGroup section */
		6045AD941D3A10150062D227 /* MainInterface.storyboard */ = {
			isa = PBXVariantGroup;
			children = (
				6045AD951D3A10150062D227 /* Base */,
			);
			name = MainInterface.storyboard;
			sourceTree = "<group>";
		};
/* End PBXVariantGroup section */

/* Begin XCBuildConfiguration section */
		6045AD9A1D3A10150062D227 /* Debug */ = {
			isa = XCBuildConfiguration;
			buildSettings = {
				ALWAYS_SEARCH_USER_PATHS = NO;
				CLANG_ANALYZER_NONNULL = YES;
				CLANG_CXX_LANGUAGE_STANDARD = "gnu++0x";
				CLANG_CXX_LIBRARY = "libc++";
				CLANG_ENABLE_MODULES = YES;
				CLANG_ENABLE_OBJC_ARC = YES;
				CLANG_WARN_BOOL_CONVERSION = YES;
				CLANG_WARN_CONSTANT_CONVERSION = YES;
				CLANG_WARN_DIRECT_OBJC_ISA_USAGE = YES_ERROR;
				CLANG_WARN_DOCUMENTATION_COMMENTS = YES;
				CLANG_WARN_EMPTY_BODY = YES;
				CLANG_WARN_ENUM_CONVERSION = YES;
				CLANG_WARN_INT_CONVERSION = YES;
				CLANG_WARN_OBJC_ROOT_CLASS = YES_ERROR;
				CLANG_WARN_UNREACHABLE_CODE = YES;
				CLANG_WARN__DUPLICATE_METHOD_MATCH = YES;
				"CODE_SIGN_IDENTITY[sdk=iphoneos*]" = "iPhone Developer";
				COPY_PHASE_STRIP = NO;
				DEBUG_INFORMATION_FORMAT = dwarf;
				ENABLE_STRICT_OBJC_MSGSEND = YES;
				ENABLE_TESTABILITY = YES;
				GCC_C_LANGUAGE_STANDARD = gnu99;
				GCC_DYNAMIC_NO_PIC = NO;
				GCC_NO_COMMON_BLOCKS = YES;
				GCC_OPTIMIZATION_LEVEL = 0;
				GCC_PREPROCESSOR_DEFINITIONS = (
					"DEBUG=1",
					"$(inherited)",
				);
				GCC_WARN_64_TO_32_BIT_CONVERSION = YES;
				GCC_WARN_ABOUT_RETURN_TYPE = YES_ERROR;
				GCC_WARN_UNDECLARED_SELECTOR = YES;
				GCC_WARN_UNINITIALIZED_AUTOS = YES_AGGRESSIVE;
				GCC_WARN_UNUSED_FUNCTION = YES;
				GCC_WARN_UNUSED_VARIABLE = YES;
				IPHONEOS_DEPLOYMENT_TARGET = 10.0;
				MTL_ENABLE_DEBUG_INFO = YES;
				ONLY_ACTIVE_ARCH = YES;
				SDKROOT = iphoneos;
				SWIFT_ACTIVE_COMPILATION_CONDITIONS = DEBUG;
				SWIFT_OPTIMIZATION_LEVEL = "-Onone";
			};
			name = Debug;
		};
		6045AD9B1D3A10150062D227 /* Release */ = {
			isa = XCBuildConfiguration;
			buildSettings = {
				ALWAYS_SEARCH_USER_PATHS = NO;
				CLANG_ANALYZER_NONNULL = YES;
				CLANG_CXX_LANGUAGE_STANDARD = "gnu++0x";
				CLANG_CXX_LIBRARY = "libc++";
				CLANG_ENABLE_MODULES = YES;
				CLANG_ENABLE_OBJC_ARC = YES;
				CLANG_WARN_BOOL_CONVERSION = YES;
				CLANG_WARN_CONSTANT_CONVERSION = YES;
				CLANG_WARN_DIRECT_OBJC_ISA_USAGE = YES_ERROR;
				CLANG_WARN_DOCUMENTATION_COMMENTS = YES;
				CLANG_WARN_EMPTY_BODY = YES;
				CLANG_WARN_ENUM_CONVERSION = YES;
				CLANG_WARN_INT_CONVERSION = YES;
				CLANG_WARN_OBJC_ROOT_CLASS = YES_ERROR;
				CLANG_WARN_UNREACHABLE_CODE = YES;
				CLANG_WARN__DUPLICATE_METHOD_MATCH = YES;
				"CODE_SIGN_IDENTITY[sdk=iphoneos*]" = "iPhone Developer";
				COPY_PHASE_STRIP = NO;
				DEBUG_INFORMATION_FORMAT = "dwarf-with-dsym";
				ENABLE_NS_ASSERTIONS = NO;
				ENABLE_STRICT_OBJC_MSGSEND = YES;
				GCC_C_LANGUAGE_STANDARD = gnu99;
				GCC_NO_COMMON_BLOCKS = YES;
				GCC_WARN_64_TO_32_BIT_CONVERSION = YES;
				GCC_WARN_ABOUT_RETURN_TYPE = YES_ERROR;
				GCC_WARN_UNDECLARED_SELECTOR = YES;
				GCC_WARN_UNINITIALIZED_AUTOS = YES_AGGRESSIVE;
				GCC_WARN_UNUSED_FUNCTION = YES;
				GCC_WARN_UNUSED_VARIABLE = YES;
				IPHONEOS_DEPLOYMENT_TARGET = 10.0;
				MTL_ENABLE_DEBUG_INFO = NO;
				SDKROOT = iphoneos;
				SWIFT_OPTIMIZATION_LEVEL = "-Owholemodule";
				VALIDATE_PRODUCT = YES;
			};
			name = Release;
		};
		6045AD9D1D3A10150062D227 /* Debug */ = {
			isa = XCBuildConfiguration;
			buildSettings = {
				ASSETCATALOG_COMPILER_APPICON_NAME = "iMessage App Icon";
				INFOPLIST_FILE = MessagesExtension/Info.plist;
				LD_RUNPATH_SEARCH_PATHS = "$(inherited) @executable_path/Frameworks @executable_path/../../Frameworks";
				PRODUCT_BUNDLE_IDENTIFIER = com.tutsplus.CustomStickerPack.MessagesExtension;
				PRODUCT_NAME = "$(TARGET_NAME)";
				SKIP_INSTALL = YES;
				SWIFT_VERSION = 3.0;
			};
			name = Debug;
		};
		6045AD9E1D3A10150062D227 /* Release */ = {
			isa = XCBuildConfiguration;
			buildSettings = {
				ASSETCATALOG_COMPILER_APPICON_NAME = "iMessage App Icon";
				INFOPLIST_FILE = MessagesExtension/Info.plist;
				LD_RUNPATH_SEARCH_PATHS = "$(inherited) @executable_path/Frameworks @executable_path/../../Frameworks";
				PRODUCT_BUNDLE_IDENTIFIER = com.tutsplus.CustomStickerPack.MessagesExtension;
				PRODUCT_NAME = "$(TARGET_NAME)";
				SKIP_INSTALL = YES;
				SWIFT_VERSION = 3.0;
			};
			name = Release;
		};
		6045ADA11D3A10150062D227 /* Debug */ = {
			isa = XCBuildConfiguration;
			buildSettings = {
				ALWAYS_EMBED_SWIFT_STANDARD_LIBRARIES = YES;
				ASSETCATALOG_COMPILER_APPICON_NAME = AppIcon;
				INFOPLIST_FILE = CustomStickerPack/Info.plist;
				PRODUCT_BUNDLE_IDENTIFIER = com.tutsplus.CustomStickerPack;
				PRODUCT_NAME = "$(TARGET_NAME)";
				SWIFT_VERSION = 3.0;
				TARGETED_DEVICE_FAMILY = "1,2";
			};
			name = Debug;
		};
		6045ADA21D3A10150062D227 /* Release */ = {
			isa = XCBuildConfiguration;
			buildSettings = {
				ALWAYS_EMBED_SWIFT_STANDARD_LIBRARIES = YES;
				ASSETCATALOG_COMPILER_APPICON_NAME = AppIcon;
				INFOPLIST_FILE = CustomStickerPack/Info.plist;
				PRODUCT_BUNDLE_IDENTIFIER = com.tutsplus.CustomStickerPack;
				PRODUCT_NAME = "$(TARGET_NAME)";
				SWIFT_VERSION = 3.0;
				TARGETED_DEVICE_FAMILY = "1,2";
			};
			name = Release;
		};
/* End XCBuildConfiguration section */

/* Begin XCConfigurationList section */
		6045AD7D1D3A10150062D227 /* Build configuration list for PBXProject "CustomStickerPack" */ = {
			isa = XCConfigurationList;
			buildConfigurations = (
				6045AD9A1D3A10150062D227 /* Debug */,
				6045AD9B1D3A10150062D227 /* Release */,
			);
			defaultConfigurationIsVisible = 0;
			defaultConfigurationName = Release;
		};
		6045AD9C1D3A10150062D227 /* Build configuration list for PBXNativeTarget "MessagesExtension" */ = {
			isa = XCConfigurationList;
			buildConfigurations = (
				6045AD9D1D3A10150062D227 /* Debug */,
				6045AD9E1D3A10150062D227 /* Release */,
			);
			defaultConfigurationIsVisible = 0;
		};
		6045ADA01D3A10150062D227 /* Build configuration list for PBXNativeTarget "CustomStickerPack" */ = {
			isa = XCConfigurationList;
			buildConfigurations = (
				6045ADA11D3A10150062D227 /* Debug */,
				6045ADA21D3A10150062D227 /* Release */,
			);
			defaultConfigurationIsVisible = 0;
		};
/* End XCConfigurationList section */
	};
	rootObject = 6045AD7A1D3A10150062D227 /* Project object */;
}
